
Microsoft Visual Studio Solution File, Format Version 12.00
# Visual Studio Version 17
VisualStudioVersion = 17.1.32319.34
MinimumVisualStudioVersion = 10.0.40219.1
Project("{FAE04EC0-301F-11D3-BF4B-00C04F79EFBC}") = "Gallery", "Gallery\Gallery.csproj", "{31D1C9C2-1365-4D8C-86FA-BC6A61F55C28}"
EndProject
Global
	GlobalSection(SolutionConfigurationPlatforms) = preSolution
		Debug|Any CPU = Debug|Any CPU
		Release|Any CPU = Release|Any CPU
	EndGlobalSection
	GlobalSection(ProjectConfigurationPlatforms) = postSolution
		{31D1C9C2-1365-4D8C-86FA-BC6A61F55C28}.Debug|Any CPU.ActiveCfg = Debug|Any CPU
		{31D1C9C2-1365-4D8C-86FA-BC6A61F55C28}.Debug|Any CPU.Build.0 = Debug|Any CPU
		{31D1C9C2-1365-4D8C-86FA-BC6A61F55C28}.Release|Any CPU.ActiveCfg = Release|Any CPU
		{31D1C9C2-1365-4D8C-86FA-BC6A61F55C28}.Release|Any CPU.Build.0 = Release|Any CPU
	EndGlobalSection
	GlobalSection(SolutionProperties) = preSolution
		HideSolutionNode = FALSE
	EndGlobalSection
	GlobalSection(ExtensibilityGlobals) = postSolution
		SolutionGuid = {11274939-9F51-4000-A78F-47BE1115DE74}
	EndGlobalSection
EndGlobal
